PODS:
  - FDFullscreenPopGesture (1.1)

DEPENDENCIES:
  - FDFullscreenPopGesture

SPEC REPOS:
  https://github.com/cocoapods/specs.git:
    - FDFullscreenPopGesture

SPEC CHECKSUMS:
  FDFullscreenPopGesture: a8a620179e3d9c40e8e00256dcee1c1a27c6d0f0

PODFILE CHECKSUM: f70c477275a51997cccf6764b149b3b446cdc9b1

COCOAPODS: 1.5.3
